
Microsoft Visual Studio Solution File, Format Version 12.00
# Visual Studio Version 16
VisualStudioVersion = 16.0.31129.286
MinimumVisualStudioVersion = 10.0.40219.1
Project("{FAE04EC0-301F-11D3-BF4B-00C04F79EFBC}") = "BinanceHand", "BinanceHand\BinanceHand.csproj", "{26E2CE57-26EF-4392-9C97-EBC6C6CFFA4E}"
	ProjectSection(ProjectDependencies) = postProject
		{AE1799E9-A94D-4939-98FE-DBB78DB772E4} = {AE1799E9-A94D-4939-98FE-DBB78DB772E4}
	EndProjectSection
EndProject
Project("{FAE04EC0-301F-11D3-BF4B-00C04F79EFBC}") = "TradingLibrary", "..\TradingLibrary\TradingLibrary\TradingLibrary.csproj", "{AE1799E9-A94D-4939-98FE-DBB78DB772E4}"
EndProject
Project("{FAE04EC0-301F-11D3-BF4B-00C04F79EFBC}") = "JooHand", "..\JooHand\JooHand\JooHand.csproj", "{9555527B-DA78-44B2-AEBB-DAE72872E46E}"
EndProject
Project("{FAE04EC0-301F-11D3-BF4B-00C04F79EFBC}") = "BackTestingFinal", "..\BackTestingFinal\BackTestingFinal\BackTestingFinal.csproj", "{CAE52C9C-63A7-4819-A427-421F70EB3FD0}"
EndProject
Global
	GlobalSection(SolutionConfigurationPlatforms) = preSolution
		Debug|Any CPU = Debug|Any CPU
		Release|Any CPU = Release|Any CPU
	EndGlobalSection
	GlobalSection(ProjectConfigurationPlatforms) = postSolution
		{26E2CE57-26EF-4392-9C97-EBC6C6CFFA4E}.Debug|Any CPU.ActiveCfg = Debug|Any CPU
		{26E2CE57-26EF-4392-9C97-EBC6C6CFFA4E}.Debug|Any CPU.Build.0 = Debug|Any CPU
		{26E2CE57-26EF-4392-9C97-EBC6C6CFFA4E}.Release|Any CPU.ActiveCfg = Release|Any CPU
		{26E2CE57-26EF-4392-9C97-EBC6C6CFFA4E}.Release|Any CPU.Build.0 = Release|Any CPU
		{AE1799E9-A94D-4939-98FE-DBB78DB772E4}.Debug|Any CPU.ActiveCfg = Debug|Any CPU
		{AE1799E9-A94D-4939-98FE-DBB78DB772E4}.Debug|Any CPU.Build.0 = Debug|Any CPU
		{AE1799E9-A94D-4939-98FE-DBB78DB772E4}.Release|Any CPU.ActiveCfg = Release|Any CPU
		{AE1799E9-A94D-4939-98FE-DBB78DB772E4}.Release|Any CPU.Build.0 = Release|Any CPU
		{9555527B-DA78-44B2-AEBB-DAE72872E46E}.Debug|Any CPU.ActiveCfg = Debug|Any CPU
		{9555527B-DA78-44B2-AEBB-DAE72872E46E}.Debug|Any CPU.Build.0 = Debug|Any CPU
		{9555527B-DA78-44B2-AEBB-DAE72872E46E}.Release|Any CPU.ActiveCfg = Release|Any CPU
		{9555527B-DA78-44B2-AEBB-DAE72872E46E}.Release|Any CPU.Build.0 = Release|Any CPU
		{CAE52C9C-63A7-4819-A427-421F70EB3FD0}.Debug|Any CPU.ActiveCfg = Debug|Any CPU
		{CAE52C9C-63A7-4819-A427-421F70EB3FD0}.Debug|Any CPU.Build.0 = Debug|Any CPU
		{CAE52C9C-63A7-4819-A427-421F70EB3FD0}.Release|Any CPU.ActiveCfg = Release|Any CPU
		{CAE52C9C-63A7-4819-A427-421F70EB3FD0}.Release|Any CPU.Build.0 = Release|Any CPU
	EndGlobalSection
	GlobalSection(SolutionProperties) = preSolution
		HideSolutionNode = FALSE
	EndGlobalSection
	GlobalSection(ExtensibilityGlobals) = postSolution
		SolutionGuid = {EB7D7D19-2EE8-4254-A03E-EF8CC99DE098}
	EndGlobalSection
EndGlobal
